
Microsoft Visual Studio Solution File, Format Version 12.00
# Visual Studio 15
VisualStudioVersion = 15.0.27428.2015
MinimumVisualStudioVersion = 10.0.40219.1
Project("{FAE04EC0-301F-11D3-BF4B-00C04F79EFBC}") = "SummerNoteIntegration", "SummerNoteIntegration\SummerNoteIntegration.csproj", "{B83B9CC4-2E1B-40A3-BF53-4817A090AA76}"
EndProject
Global
	GlobalSection(SolutionConfigurationPlatforms) = preSolution
		Debug|Any CPU = Debug|Any CPU
		Release|Any CPU = Release|Any CPU
	EndGlobalSection
	GlobalSection(ProjectConfigurationPlatforms) = postSolution
		{B83B9CC4-2E1B-40A3-BF53-4817A090AA76}.Debug|Any CPU.ActiveCfg = Debug|Any CPU
		{B83B9CC4-2E1B-40A3-BF53-4817A090AA76}.Debug|Any CPU.Build.0 = Debug|Any CPU
		{B83B9CC4-2E1B-40A3-BF53-4817A090AA76}.Release|Any CPU.ActiveCfg = Release|Any CPU
		{B83B9CC4-2E1B-40A3-BF53-4817A090AA76}.Release|Any CPU.Build.0 = Release|Any CPU
	EndGlobalSection
	GlobalSection(SolutionProperties) = preSolution
		HideSolutionNode = FALSE
	EndGlobalSection
	GlobalSection(ExtensibilityGlobals) = postSolution
		SolutionGuid = {A4834208-00A2-4DCD-98FF-7C62538F8D12}
	EndGlobalSection
EndGlobal
